
Microsoft Visual Studio Solution File, Format Version 12.00
# Visual Studio Version 17
VisualStudioVersion = 17.6.33815.320
MinimumVisualStudioVersion = 10.0.40219.1
Project("{9A19103F-16F7-4668-BE54-9A1E7A4F7556}") = "OMG.Infrastructure", "OMG.Infrastructure\OMG.Infrastructure.csproj", "{2F62203E-7FFF-4B63-8B09-B12E808BEF26}"
EndProject
Project("{9A19103F-16F7-4668-BE54-9A1E7A4F7556}") = "OMG.SharedKernel", "OMG.SharedKernel\OMG.SharedKernel.csproj", "{5605A7BD-0C73-405C-AFA8-F26E5CFA4838}"
EndProject
Project("{9A19103F-16F7-4668-BE54-9A1E7A4F7556}") = "OMG.Domain.Market", "OMG.Domain.Market\OMG.Domain.Market.csproj", "{79E5FA4C-5260-431D-AF18-CD1B333D14F7}"
EndProject
Project("{9A19103F-16F7-4668-BE54-9A1E7A4F7556}") = "OMG.API", "OMG.API\OMG.API.csproj", "{49A1C9A6-CAF9-407C-BA4A-5BFBC65DB76F}"
EndProject
Project("{9A19103F-16F7-4668-BE54-9A1E7A4F7556}") = "OMG.Tools", "OMG.Tools\OMG.Tools.csproj", "{3428BC38-DC46-4CE3-87CE-B38503AE912D}"
EndProject
Project("{FAE04EC0-301F-11D3-BF4B-00C04F79EFBC}") = "OMG.Domain.Vendor", "OMG.Domain.Vendor\OMG.Domain.Vendor.csproj", "{0CEE7DD3-3D13-4A35-8264-8A62FCAEE871}"
EndProject
Global
	GlobalSection(SolutionConfigurationPlatforms) = preSolution
		Debug|Any CPU = Debug|Any CPU
		Release|Any CPU = Release|Any CPU
	EndGlobalSection
	GlobalSection(ProjectConfigurationPlatforms) = postSolution
		{2F62203E-7FFF-4B63-8B09-B12E808BEF26}.Debug|Any CPU.ActiveCfg = Debug|Any CPU
		{2F62203E-7FFF-4B63-8B09-B12E808BEF26}.Debug|Any CPU.Build.0 = Debug|Any CPU
		{2F62203E-7FFF-4B63-8B09-B12E808BEF26}.Release|Any CPU.ActiveCfg = Release|Any CPU
		{2F62203E-7FFF-4B63-8B09-B12E808BEF26}.Release|Any CPU.Build.0 = Release|Any CPU
		{5605A7BD-0C73-405C-AFA8-F26E5CFA4838}.Debug|Any CPU.ActiveCfg = Debug|Any CPU
		{5605A7BD-0C73-405C-AFA8-F26E5CFA4838}.Debug|Any CPU.Build.0 = Debug|Any CPU
		{5605A7BD-0C73-405C-AFA8-F26E5CFA4838}.Release|Any CPU.ActiveCfg = Release|Any CPU
		{5605A7BD-0C73-405C-AFA8-F26E5CFA4838}.Release|Any CPU.Build.0 = Release|Any CPU
		{79E5FA4C-5260-431D-AF18-CD1B333D14F7}.Debug|Any CPU.ActiveCfg = Debug|Any CPU
		{79E5FA4C-5260-431D-AF18-CD1B333D14F7}.Debug|Any CPU.Build.0 = Debug|Any CPU
		{79E5FA4C-5260-431D-AF18-CD1B333D14F7}.Release|Any CPU.ActiveCfg = Release|Any CPU
		{79E5FA4C-5260-431D-AF18-CD1B333D14F7}.Release|Any CPU.Build.0 = Release|Any CPU
		{49A1C9A6-CAF9-407C-BA4A-5BFBC65DB76F}.Debug|Any CPU.ActiveCfg = Debug|Any CPU
		{49A1C9A6-CAF9-407C-BA4A-5BFBC65DB76F}.Debug|Any CPU.Build.0 = Debug|Any CPU
		{49A1C9A6-CAF9-407C-BA4A-5BFBC65DB76F}.Release|Any CPU.ActiveCfg = Release|Any CPU
		{49A1C9A6-CAF9-407C-BA4A-5BFBC65DB76F}.Release|Any CPU.Build.0 = Release|Any CPU
		{3428BC38-DC46-4CE3-87CE-B38503AE912D}.Debug|Any CPU.ActiveCfg = Debug|Any CPU
		{3428BC38-DC46-4CE3-87CE-B38503AE912D}.Debug|Any CPU.Build.0 = Debug|Any CPU
		{3428BC38-DC46-4CE3-87CE-B38503AE912D}.Release|Any CPU.ActiveCfg = Release|Any CPU
		{3428BC38-DC46-4CE3-87CE-B38503AE912D}.Release|Any CPU.Build.0 = Release|Any CPU
		{0CEE7DD3-3D13-4A35-8264-8A62FCAEE871}.Debug|Any CPU.ActiveCfg = Debug|Any CPU
		{0CEE7DD3-3D13-4A35-8264-8A62FCAEE871}.Debug|Any CPU.Build.0 = Debug|Any CPU
		{0CEE7DD3-3D13-4A35-8264-8A62FCAEE871}.Release|Any CPU.ActiveCfg = Release|Any CPU
		{0CEE7DD3-3D13-4A35-8264-8A62FCAEE871}.Release|Any CPU.Build.0 = Release|Any CPU
	EndGlobalSection
	GlobalSection(SolutionProperties) = preSolution
		HideSolutionNode = FALSE
	EndGlobalSection
	GlobalSection(ExtensibilityGlobals) = postSolution
		SolutionGuid = {876CA756-1AD1-442B-A0A7-2308A7802D38}
	EndGlobalSection
EndGlobal
